
Microsoft Visual Studio Solution File, Format Version 12.00
# Visual Studio Version 16
VisualStudioVersion = 16.0.30523.141
MinimumVisualStudioVersion = 10.0.40219.1
Project("{FAE04EC0-301F-11D3-BF4B-00C04F79EFBC}") = "7BBIF_Linq1", "7BBIF_Linq1\7BBIF_Linq1.csproj", "{1EF84E70-D759-4736-8C83-7812E693204A}"
EndProject
Global
	GlobalSection(SolutionConfigurationPlatforms) = preSolution
		Debug|Any CPU = Debug|Any CPU
		Release|Any CPU = Release|Any CPU
	EndGlobalSection
	GlobalSection(ProjectConfigurationPlatforms) = postSolution
		{1EF84E70-D759-4736-8C83-7812E693204A}.Debug|Any CPU.ActiveCfg = Debug|Any CPU
		{1EF84E70-D759-4736-8C83-7812E693204A}.Debug|Any CPU.Build.0 = Debug|Any CPU
		{1EF84E70-D759-4736-8C83-7812E693204A}.Release|Any CPU.ActiveCfg = Release|Any CPU
		{1EF84E70-D759-4736-8C83-7812E693204A}.Release|Any CPU.Build.0 = Release|Any CPU
	EndGlobalSection
	GlobalSection(SolutionProperties) = preSolution
		HideSolutionNode = FALSE
	EndGlobalSection
	GlobalSection(ExtensibilityGlobals) = postSolution
		SolutionGuid = {77C940A0-D6FA-421A-8A35-D63631B4B609}
	EndGlobalSection
EndGlobal
